
Microsoft Visual Studio Solution File, Format Version 12.00
# Visual Studio 15
VisualStudioVersion = 15.0.28307.329
MinimumVisualStudioVersion = 10.0.40219.1
Project("{FAE04EC0-301F-11D3-BF4B-00C04F79EFBC}") = "FrameworkComparisonAPI", "FrameworkComparisonAPI\FrameworkComparisonAPI.csproj", "{F93600B7-13F5-4EC0-B6F0-A1DA0B8D2880}"
EndProject
Global
	GlobalSection(SolutionConfigurationPlatforms) = preSolution
		Debug|Any CPU = Debug|Any CPU
		Release|Any CPU = Release|Any CPU
	EndGlobalSection
	GlobalSection(ProjectConfigurationPlatforms) = postSolution
		{F93600B7-13F5-4EC0-B6F0-A1DA0B8D2880}.Debug|Any CPU.ActiveCfg = Debug|Any CPU
		{F93600B7-13F5-4EC0-B6F0-A1DA0B8D2880}.Debug|Any CPU.Build.0 = Debug|Any CPU
		{F93600B7-13F5-4EC0-B6F0-A1DA0B8D2880}.Release|Any CPU.ActiveCfg = Release|Any CPU
		{F93600B7-13F5-4EC0-B6F0-A1DA0B8D2880}.Release|Any CPU.Build.0 = Release|Any CPU
	EndGlobalSection
	GlobalSection(SolutionProperties) = preSolution
		HideSolutionNode = FALSE
	EndGlobalSection
	GlobalSection(ExtensibilityGlobals) = postSolution
		SolutionGuid = {C2C1A367-4D2A-4B41-B199-7169B1426DF1}
	EndGlobalSection
EndGlobal
